// !$*UTF8*$!
{
	archiveVersion = 1;
	classes = {
	};
	objectVersion = 50;
	objects = {

/* Begin PBXBuildFile section */
		0ADE422D23648B7E0064D11B /* AppDelegate.m in Sources */ = {isa = PBXBuildFile; fileRef = 0ADE422C23648B7E0064D11B /* AppDelegate.m */; };
		0ADE423023648B7E0064D11B /* SceneDelegate.m in Sources */ = {isa = PBXBuildFile; fileRef = 0ADE422F23648B7E0064D11B /* SceneDelegate.m */; };
		0ADE423323648B7E0064D11B /* ViewController.m in Sources */ = {isa = PBXBuildFile; fileRef = 0ADE423223648B7E0064D11B /* ViewController.m */; };
		0ADE423623648B7E0064D11B /* Main.storyboard in Resources */ = {isa = PBXBuildFile; fileRef = 0ADE423423648B7E0064D11B /* Main.storyboard */; };
		0ADE423823648B7F0064D11B /* Assets.xcassets in Resources */ = {isa = PBXBuildFile; fileRef = 0ADE423723648B7F0064D11B /* Assets.xcassets */; };
		0ADE423B23648B7F0064D11B /* LaunchScreen.storyboard in Resources */ = {isa = PBXBuildFile; fileRef = 0ADE423923648B7F0064D11B /* LaunchScreen.storyboard */; };
		0ADE423E23648B7F0064D11B /* main.m in Sources */ = {isa = PBXBuildFile; fileRef = 0ADE423D23648B7F0064D11B /* main.m */; };
		0ADE424723648BFA0064D11B /* MyCarthage.m in Sources */ = {isa = PBXBuildFile; fileRef = 0ADE424623648BFA0064D11B /* MyCarthage.m */; };
/* End PBXBuildFile section */

/* Begin PBXFileReference section */
		0ADE422823648B7E0064D11B /* MyCarthageTestPro.app */ = {isa = PBXFileReference; explicitFileType = wrapper.application; includeInIndex = 0; path = MyCarthageTestPro.app; sourceTree = BUILT_PRODUCTS_DIR; };
		0ADE422B23648B7E0064D11B /* AppDelegate.h */ = {isa = PBXFileReference; lastKnownFileType = sourcecode.c.h; path = AppDelegate.h; sourceTree = "<group>"; };
		0ADE422C23648B7E0064D11B /* AppDelegate.m */ = {isa = PBXFileReference; lastKnownFileType = sourcecode.c.objc; path = AppDelegate.m; sourceTree = "<group>"; };
		0ADE422E23648B7E0064D11B /* SceneDelegate.h */ = {isa = PBXFileReference; lastKnownFileType = sourcecode.c.h; path = SceneDelegate.h; sourceTree = "<group>"; };
		0ADE422F23648B7E0064D11B /* SceneDelegate.m */ = {isa = PBXFileReference; lastKnownFileType = sourcecode.c.objc; path = SceneDelegate.m; sourceTree = "<group>"; };
		0ADE423123648B7E0064D11B /* ViewController.h */ = {isa = PBXFileReference; lastKnownFileType = sourcecode.c.h; path = ViewController.h; sourceTree = "<group>"; };
		0ADE423223648B7E0064D11B /* ViewController.m */ = {isa = PBXFileReference; lastKnownFileType = sourcecode.c.objc; path = ViewController.m; sourceTree = "<group>"; };
		0ADE423523648B7E0064D11B /* Base */ = {isa = PBXFileReference; lastKnownFileType = file.storyboard; name = Base; path = Base.lproj/Main.storyboard; sourceTree = "<group>"; };
		0ADE423723648B7F0064D11B /* Assets.xcassets */ = {isa = PBXFileReference; lastKnownFileType = folder.assetcatalog; path = Assets.xcassets; sourceTree = "<group>"; };
		0ADE423A23648B7F0064D11B /* Base */ = {isa = PBXFileReference; lastKnownFileType = file.storyboard; name = Base; path = Base.lproj/LaunchScreen.storyboard; sourceTree = "<group>"; };
		0ADE423C23648B7F0064D11B /* Info.plist */ = {isa = PBXFileReference; lastKnownFileType = text.plist.xml; path = Info.plist; sourceTree = "<group>"; };
		0ADE423D23648B7F0064D11B /* main.m */ = {isa = PBXFileReference; lastKnownFileType = sourcecode.c.objc; path = main.m; sourceTree = "<group>"; };
		0ADE424523648BFA0064D11B /* MyCarthage.h */ = {isa = PBXFileReference; lastKnownFileType = sourcecode.c.h; path = MyCarthage.h; sourceTree = "<group>"; };
		0ADE424623648BFA0064D11B /* MyCarthage.m */ = {isa = PBXFileReference; lastKnownFileType = sourcecode.c.objc; path = MyCarthage.m; sourceTree = "<group>"; };
/* End PBXFileReference section */

/* Begin PBXFrameworksBuildPhase section */
		0ADE422523648B7E0064D11B /* Frameworks */ = {
			isa = PBXFrameworksBuildPhase;
			buildActionMask = 2147483647;
			files = (
			);
			runOnlyForDeploymentPostprocessing = 0;
		};
/* End PBXFrameworksBuildPhase section */

/* Begin PBXGroup section */
		0ADE421F23648B7E0064D11B = {
			isa = PBXGroup;
			children = (
				0ADE422A23648B7E0064D11B /* MyCarthageTestPro */,
				0ADE422923648B7E0064D11B /* Products */,
			);
			sourceTree = "<group>";
		};
		0ADE422923648B7E0064D11B /* Products */ = {
			isa = PBXGroup;
			children = (
				0ADE422823648B7E0064D11B /* MyCarthageTestPro.app */,
			);
			name = Products;
			sourceTree = "<group>";
		};
		0ADE422A23648B7E0064D11B /* MyCarthageTestPro */ = {
			isa = PBXGroup;
			children = (
				0ADE424423648BDE0064D11B /* MyCarthageSDK */,
				0ADE422B23648B7E0064D11B /* AppDelegate.h */,
				0ADE422C23648B7E0064D11B /* AppDelegate.m */,
				0ADE422E23648B7E0064D11B /* SceneDelegate.h */,
				0ADE422F23648B7E0064D11B /* SceneDelegate.m */,
				0ADE423123648B7E0064D11B /* ViewController.h */,
				0ADE423223648B7E0064D11B /* ViewController.m */,
				0ADE423423648B7E0064D11B /* Main.storyboard */,
				0ADE423723648B7F0064D11B /* Assets.xcassets */,
				0ADE423923648B7F0064D11B /* LaunchScreen.storyboard */,
				0ADE423C23648B7F0064D11B /* Info.plist */,
				0ADE423D23648B7F0064D11B /* main.m */,
			);
			path = MyCarthageTestPro;
			sourceTree = "<group>";
		};
		0ADE424423648BDE0064D11B /* MyCarthageSDK */ = {
			isa = PBXGroup;
			children = (
				0ADE424523648BFA0064D11B /* MyCarthage.h */,
				0ADE424623648BFA0064D11B /* MyCarthage.m */,
			);
			path = MyCarthageSDK;
			sourceTree = "<group>";
		};
/* End PBXGroup section */

/* Begin PBXNativeTarget section */
		0ADE422723648B7E0064D11B /* MyCarthageTestPro */ = {
			isa = PBXNativeTarget;
			buildConfigurationList = 0ADE424123648B7F0064D11B /* Build configuration list for PBXNativeTarget "MyCarthageTestPro" */;
			buildPhases = (
				0ADE422423648B7E0064D11B /* Sources */,
				0ADE422523648B7E0064D11B /* Frameworks */,
				0ADE422623648B7E0064D11B /* Resources */,
			);
			buildRules = (
			);
			dependencies = (
			);
			name = MyCarthageTestPro;
			productName = MyCarthageTestPro;
			productReference = 0ADE422823648B7E0064D11B /* MyCarthageTestPro.app */;
			productType = "com.apple.product-type.application";
		};
/* End PBXNativeTarget section */

/* Begin PBXProject section */
		0ADE422023648B7E0064D11B /* Project object */ = {
			isa = PBXProject;
			attributes = {
				LastUpgradeCheck = 1100;
				ORGANIZATIONNAME = didi;
				TargetAttributes = {
					0ADE422723648B7E0064D11B = {
						CreatedOnToolsVersion = 11.0;
					};
				};
			};
			buildConfigurationList = 0ADE422323648B7E0064D11B /* Build configuration list for PBXProject "MyCarthageTestPro" */;
			compatibilityVersion = "Xcode 9.3";
			developmentRegion = en;
			hasScannedForEncodings = 0;
			knownRegions = (
				en,
				Base,
			);
			mainGroup = 0ADE421F23648B7E0064D11B;
			productRefGroup = 0ADE422923648B7E0064D11B /* Products */;
			projectDirPath = "";
			projectRoot = "";
			targets = (
				0ADE422723648B7E0064D11B /* MyCarthageTestPro */,
			);
		};
/* End PBXProject section */

/* Begin PBXResourcesBuildPhase section */
		0ADE422623648B7E0064D11B /* Resources */ = {
			isa = PBXResourcesBuildPhase;
			buildActionMask = 2147483647;
			files = (
				0ADE423B23648B7F0064D11B /* LaunchScreen.storyboard in Resources */,
				0ADE423823648B7F0064D11B /* Assets.xcassets in Resources */,
				0ADE423623648B7E0064D11B /* Main.storyboard in Resources */,
			);
			runOnlyForDeploymentPostprocessing = 0;
		};
/* End PBXResourcesBuildPhase section */

/* Begin PBXSourcesBuildPhase section */
		0ADE422423648B7E0064D11B /* Sources */ = {
			isa = PBXSourcesBuildPhase;
			buildActionMask = 2147483647;
			files = (
				0ADE423323648B7E0064D11B /* ViewController.m in Sources */,
				0ADE422D23648B7E0064D11B /* AppDelegate.m in Sources */,
				0ADE424723648BFA0064D11B /* MyCarthage.m in Sources */,
				0ADE423E23648B7F0064D11B /* main.m in Sources */,
				0ADE423023648B7E0064D11B /* SceneDelegate.m in Sources */,
			);
			runOnlyForDeploymentPostprocessing = 0;
		};
/* End PBXSourcesBuildPhase section */

/* Begin PBXVariantGroup section */
		0ADE423423648B7E0064D11B /* Main.storyboard */ = {
			isa = PBXVariantGroup;
			children = (
				0ADE423523648B7E0064D11B /* Base */,
			);
			name = Main.storyboard;
			sourceTree = "<group>";
		};
		0ADE423923648B7F0064D11B /* LaunchScreen.storyboard */ = {
			isa = PBXVariantGroup;
			children = (
				0ADE423A23648B7F0064D11B /* Base */,
			);
			name = LaunchScreen.storyboard;
			sourceTree = "<group>";
		};
/* End PBXVariantGroup section */

/* Begin XCBuildConfiguration section */
		0ADE423F23648B7F0064D11B /* Debug */ = {
			isa = XCBuildConfiguration;
			buildSettings = {
				ALWAYS_SEARCH_USER_PATHS = NO;
				CLANG_ANALYZER_NONNULL = YES;
				CLANG_ANALYZER_NUMBER_OBJECT_CONVERSION = YES_AGGRESSIVE;
				CLANG_CXX_LANGUAGE_STANDARD = "gnu++14";
				CLANG_CXX_LIBRARY = "libc++";
				CLANG_ENABLE_MODULES = YES;
				CLANG_ENABLE_OBJC_ARC = YES;
				CLANG_ENABLE_OBJC_WEAK = YES;
				CLANG_WARN_BLOCK_CAPTURE_AUTORELEASING = YES;
				CLANG_WARN_BOOL_CONVERSION = YES;
				CLANG_WARN_COMMA = YES;
				CLANG_WARN_CONSTANT_CONVERSION = YES;
				CLANG_WARN_DEPRECATED_OBJC_IMPLEMENTATIONS = YES;
				CLANG_WARN_DIRECT_OBJC_ISA_USAGE = YES_ERROR;
				CLANG_WARN_DOCUMENTATION_COMMENTS = YES;
				CLANG_WARN_EMPTY_BODY = YES;
				CLANG_WARN_ENUM_CONVERSION = YES;
				CLANG_WARN_INFINITE_RECURSION = YES;
				CLANG_WARN_INT_CONVERSION = YES;
				CLANG_WARN_NON_LITERAL_NULL_CONVERSION = YES;
				CLANG_WARN_OBJC_IMPLICIT_RETAIN_SELF = YES;
				CLANG_WARN_OBJC_LITERAL_CONVERSION = YES;
				CLANG_WARN_OBJC_ROOT_CLASS = YES_ERROR;
				CLANG_WARN_RANGE_LOOP_ANALYSIS = YES;
				CLANG_WARN_STRICT_PROTOTYPES = YES;
				CLANG_WARN_SUSPICIOUS_MOVE = YES;
				CLANG_WARN_UNGUARDED_AVAILABILITY = YES_AGGRESSIVE;
				CLANG_WARN_UNREACHABLE_CODE = YES;
				CLANG_WARN__DUPLICATE_METHOD_MATCH = YES;
				COPY_PHASE_STRIP = NO;
				DEBUG_INFORMATION_FORMAT = dwarf;
				ENABLE_STRICT_OBJC_MSGSEND = YES;
				ENABLE_TESTABILITY = YES;
				GCC_C_LANGUAGE_STANDARD = gnu11;
				GCC_DYNAMIC_NO_PIC = NO;
				GCC_NO_COMMON_BLOCKS = YES;
				GCC_OPTIMIZATION_LEVEL = 0;
				GCC_PREPROCESSOR_DEFINITIONS = (
					"DEBUG=1",
					"$(inherited)",
				);
				GCC_WARN_64_TO_32_BIT_CONVERSION = YES;
				GCC_WARN_ABOUT_RETURN_TYPE = YES_ERROR;
				GCC_WARN_UNDECLARED_SELECTOR = YES;
				GCC_WARN_UNINITIALIZED_AUTOS = YES_AGGRESSIVE;
				GCC_WARN_UNUSED_FUNCTION = YES;
				GCC_WARN_UNUSED_VARIABLE = YES;
				IPHONEOS_DEPLOYMENT_TARGET = 9.0;
				MTL_ENABLE_DEBUG_INFO = INCLUDE_SOURCE;
				MTL_FAST_MATH = YES;
				ONLY_ACTIVE_ARCH = YES;
				SDKROOT = iphoneos;
			};
			name = Debug;
		};
		0ADE424023648B7F0064D11B /* Release */ = {
			isa = XCBuildConfiguration;
			buildSettings = {
				ALWAYS_SEARCH_USER_PATHS = NO;
				CLANG_ANALYZER_NONNULL = YES;
				CLANG_ANALYZER_NUMBER_OBJECT_CONVERSION = YES_AGGRESSIVE;
				CLANG_CXX_LANGUAGE_STANDARD = "gnu++14";
				CLANG_CXX_LIBRARY = "libc++";
				CLANG_ENABLE_MODULES = YES;
				CLANG_ENABLE_OBJC_ARC = YES;
				CLANG_ENABLE_OBJC_WEAK = YES;
				CLANG_WARN_BLOCK_CAPTURE_AUTORELEASING = YES;
				CLANG_WARN_BOOL_CONVERSION = YES;
				CLANG_WARN_COMMA = YES;
				CLANG_WARN_CONSTANT_CONVERSION = YES;
				CLANG_WARN_DEPRECATED_OBJC_IMPLEMENTATIONS = YES;
				CLANG_WARN_DIRECT_OBJC_ISA_USAGE = YES_ERROR;
				CLANG_WARN_DOCUMENTATION_COMMENTS = YES;
				CLANG_WARN_EMPTY_BODY = YES;
				CLANG_WARN_ENUM_CONVERSION = YES;
				CLANG_WARN_INFINITE_RECURSION = YES;
				CLANG_WARN_INT_CONVERSION = YES;
				CLANG_WARN_NON_LITERAL_NULL_CONVERSION = YES;
				CLANG_WARN_OBJC_IMPLICIT_RETAIN_SELF = YES;
				CLANG_WARN_OBJC_LITERAL_CONVERSION = YES;
				CLANG_WARN_OBJC_ROOT_CLASS = YES_ERROR;
				CLANG_WARN_RANGE_LOOP_ANALYSIS = YES;
				CLANG_WARN_STRICT_PROTOTYPES = YES;
				CLANG_WARN_SUSPICIOUS_MOVE = YES;
				CLANG_WARN_UNGUARDED_AVAILABILITY = YES_AGGRESSIVE;
				CLANG_WARN_UNREACHABLE_CODE = YES;
				CLANG_WARN__DUPLICATE_METHOD_MATCH = YES;
				COPY_PHASE_STRIP = NO;
				DEBUG_INFORMATION_FORMAT = "dwarf-with-dsym";
				ENABLE_NS_ASSERTIONS = NO;
				ENABLE_STRICT_OBJC_MSGSEND = YES;
				GCC_C_LANGUAGE_STANDARD = gnu11;
				GCC_NO_COMMON_BLOCKS = YES;
				GCC_WARN_64_TO_32_BIT_CONVERSION = YES;
				GCC_WARN_ABOUT_RETURN_TYPE = YES_ERROR;
				GCC_WARN_UNDECLARED_SELECTOR = YES;
				GCC_WARN_UNINITIALIZED_AUTOS = YES_AGGRESSIVE;
				GCC_WARN_UNUSED_FUNCTION = YES;
				GCC_WARN_UNUSED_VARIABLE = YES;
				IPHONEOS_DEPLOYMENT_TARGET = 9.0;
				MTL_ENABLE_DEBUG_INFO = NO;
				MTL_FAST_MATH = YES;
				SDKROOT = iphoneos;
				VALIDATE_PRODUCT = YES;
			};
			name = Release;
		};
		0ADE424223648B7F0064D11B /* Debug */ = {
			isa = XCBuildConfiguration;
			buildSettings = {
				ASSETCATALOG_COMPILER_APPICON_NAME = AppIcon;
				CODE_SIGN_STYLE = Automatic;
				DEVELOPMENT_TEAM = 2M632FEG3H;
				INFOPLIST_FILE = MyCarthageTestPro/Info.plist;
				LD_RUNPATH_SEARCH_PATHS = (
					"$(inherited)",
					"@executable_path/Frameworks",
				);
				PRODUCT_BUNDLE_IDENTIFIER = "javer-yi.MyCarthageTestPro";
				PRODUCT_NAME = "$(TARGET_NAME)";
				TARGETED_DEVICE_FAMILY = "1,2";
			};
			name = Debug;
		};
		0ADE424323648B7F0064D11B /* Release */ = {
			isa = XCBuildConfiguration;
			buildSettings = {
				ASSETCATALOG_COMPILER_APPICON_NAME = AppIcon;
				CODE_SIGN_STYLE = Automatic;
				DEVELOPMENT_TEAM = 2M632FEG3H;
				INFOPLIST_FILE = MyCarthageTestPro/Info.plist;
				LD_RUNPATH_SEARCH_PATHS = (
					"$(inherited)",
					"@executable_path/Frameworks",
				);
				PRODUCT_BUNDLE_IDENTIFIER = "javer-yi.MyCarthageTestPro";
				PRODUCT_NAME = "$(TARGET_NAME)";
				TARGETED_DEVICE_FAMILY = "1,2";
			};
			name = Release;
		};
/* End XCBuildConfiguration section */

/* Begin XCConfigurationList section */
		0ADE422323648B7E0064D11B /* Build configuration list for PBXProject "MyCarthageTestPro" */ = {
			isa = XCConfigurationList;
			buildConfigurations = (
				0ADE423F23648B7F0064D11B /* Debug */,
				0ADE424023648B7F0064D11B /* Release */,
			);
			defaultConfigurationIsVisible = 0;
			defaultConfigurationName = Release;
		};
		0ADE424123648B7F0064D11B /* Build configuration list for PBXNativeTarget "MyCarthageTestPro" */ = {
			isa = XCConfigurationList;
			buildConfigurations = (
				0ADE424223648B7F0064D11B /* Debug */,
				0ADE424323648B7F0064D11B /* Release */,
			);
			defaultConfigurationIsVisible = 0;
			defaultConfigurationName = Release;
		};
/* End XCConfigurationList section */
	};
	rootObject = 0ADE422023648B7E0064D11B /* Project object */;
}
